
Microsoft Visual Studio Solution File, Format Version 12.00
# Visual Studio Version 17
VisualStudioVersion = 17.11.35312.102
MinimumVisualStudioVersion = 10.0.40219.1
Project("{8BC9CEB8-8B4A-11D0-8D11-00A0C91BC942}") = "PG3_project", "PG3_project.vcxproj", "{B5383338-9BA6-4C7E-93BB-71FCDD38DE19}"
EndProject
Project("{2150E333-8FDC-42A3-9474-1A3956D46DE8}") = "ソリューション項目", "ソリューション項目", "{CE0E4C83-66C1-4C32-A257-70435FA7A1B3}"
	ProjectSection(SolutionItems) = preProject
		.editorconfig = .editorconfig
	EndProjectSection
EndProject
Global
	GlobalSection(SolutionConfigurationPlatforms) = preSolution
		Debug|x64 = Debug|x64
		Debug|x86 = Debug|x86
		Release|x64 = Release|x64
		Release|x86 = Release|x86
	EndGlobalSection
	GlobalSection(ProjectConfigurationPlatforms) = postSolution
		{B5383338-9BA6-4C7E-93BB-71FCDD38DE19}.Debug|x64.ActiveCfg = Debug|x64
		{B5383338-9BA6-4C7E-93BB-71FCDD38DE19}.Debug|x64.Build.0 = Debug|x64
		{B5383338-9BA6-4C7E-93BB-71FCDD38DE19}.Debug|x86.ActiveCfg = Debug|Win32
		{B5383338-9BA6-4C7E-93BB-71FCDD38DE19}.Debug|x86.Build.0 = Debug|Win32
		{B5383338-9BA6-4C7E-93BB-71FCDD38DE19}.Release|x64.ActiveCfg = Release|x64
		{B5383338-9BA6-4C7E-93BB-71FCDD38DE19}.Release|x64.Build.0 = Release|x64
		{B5383338-9BA6-4C7E-93BB-71FCDD38DE19}.Release|x86.ActiveCfg = Release|Win32
		{B5383338-9BA6-4C7E-93BB-71FCDD38DE19}.Release|x86.Build.0 = Release|Win32
	EndGlobalSection
	GlobalSection(SolutionProperties) = preSolution
		HideSolutionNode = FALSE
	EndGlobalSection
	GlobalSection(ExtensibilityGlobals) = postSolution
		SolutionGuid = {E64F69AB-B58D-4071-8149-84278F8BFC84}
	EndGlobalSection
EndGlobal
